
Microsoft Visual Studio Solution File, Format Version 12.00
# Visual Studio Version 17
VisualStudioVersion = 17.3.32929.385
MinimumVisualStudioVersion = 10.0.40219.1
Project("{9A19103F-16F7-4668-BE54-9A1E7A4F7556}") = "MicroBlog", "MicroBlog.csproj", "{E77E6D2E-CCA2-4F67-B164-AC33CBF57979}"
EndProject
Project("{FAE04EC0-301F-11D3-BF4B-00C04F79EFBC}") = "MicroBlog.Test", "MicroBlog.Test\MicroBlog.Test.csproj", "{26BF4F02-6AA8-46AD-A16F-A45235D59847}"
	ProjectSection(ProjectDependencies) = postProject
		{E77E6D2E-CCA2-4F67-B164-AC33CBF57979} = {E77E6D2E-CCA2-4F67-B164-AC33CBF57979}
	EndProjectSection
EndProject
Global
	GlobalSection(SolutionConfigurationPlatforms) = preSolution
		Debug|Any CPU = Debug|Any CPU
		Release|Any CPU = Release|Any CPU
	EndGlobalSection
	GlobalSection(ProjectConfigurationPlatforms) = postSolution
		{E77E6D2E-CCA2-4F67-B164-AC33CBF57979}.Debug|Any CPU.ActiveCfg = Debug|Any CPU
		{E77E6D2E-CCA2-4F67-B164-AC33CBF57979}.Debug|Any CPU.Build.0 = Debug|Any CPU
		{E77E6D2E-CCA2-4F67-B164-AC33CBF57979}.Release|Any CPU.ActiveCfg = Release|Any CPU
		{E77E6D2E-CCA2-4F67-B164-AC33CBF57979}.Release|Any CPU.Build.0 = Release|Any CPU
		{26BF4F02-6AA8-46AD-A16F-A45235D59847}.Debug|Any CPU.ActiveCfg = Debug|Any CPU
		{26BF4F02-6AA8-46AD-A16F-A45235D59847}.Debug|Any CPU.Build.0 = Debug|Any CPU
		{26BF4F02-6AA8-46AD-A16F-A45235D59847}.Release|Any CPU.ActiveCfg = Release|Any CPU
		{26BF4F02-6AA8-46AD-A16F-A45235D59847}.Release|Any CPU.Build.0 = Release|Any CPU
	EndGlobalSection
	GlobalSection(SolutionProperties) = preSolution
		HideSolutionNode = FALSE
	EndGlobalSection
	GlobalSection(ExtensibilityGlobals) = postSolution
		SolutionGuid = {98DCB936-3DAE-43BE-A4F1-2EC258EB61ED}
	EndGlobalSection
EndGlobal
